
Microsoft Visual Studio Solution File, Format Version 12.00
# Visual Studio Version 16
VisualStudioVersion = 16.0.30611.23
MinimumVisualStudioVersion = 10.0.40219.1
Project("{9A19103F-16F7-4668-BE54-9A1E7A4F7556}") = "VAII-semestralna-praca", "VAII-semestralna-praca\VAII-semestralna-praca.csproj", "{EFA8D53F-A664-4FFD-A8F7-8A2EF180DA9C}"
EndProject
Global
	GlobalSection(SolutionConfigurationPlatforms) = preSolution
		Debug|Any CPU = Debug|Any CPU
		Release|Any CPU = Release|Any CPU
	EndGlobalSection
	GlobalSection(ProjectConfigurationPlatforms) = postSolution
		{EFA8D53F-A664-4FFD-A8F7-8A2EF180DA9C}.Debug|Any CPU.ActiveCfg = Debug|Any CPU
		{EFA8D53F-A664-4FFD-A8F7-8A2EF180DA9C}.Debug|Any CPU.Build.0 = Debug|Any CPU
		{EFA8D53F-A664-4FFD-A8F7-8A2EF180DA9C}.Release|Any CPU.ActiveCfg = Release|Any CPU
		{EFA8D53F-A664-4FFD-A8F7-8A2EF180DA9C}.Release|Any CPU.Build.0 = Release|Any CPU
	EndGlobalSection
	GlobalSection(SolutionProperties) = preSolution
		HideSolutionNode = FALSE
	EndGlobalSection
	GlobalSection(ExtensibilityGlobals) = postSolution
		SolutionGuid = {CFCB2CED-D09F-4EC0-AD6D-BC291CB55011}
	EndGlobalSection
EndGlobal
